<?xml version="1.0" encoding="utf-8"?>
<Project ToolsVersion="4.0" xmlns="http://schemas.microsoft.com/developer/msbuild/2003">
  <ItemGroup>
    <Filter Include="소스 파일">
      <UniqueIdentifier>{4FC737F1-C7A5-4376-A066-2A32D752A2FF}</UniqueIdentifier>
      <Extensions>cpp;c;cc;cxx;def;odl;idl;hpj;bat;asm;asmx</Extensions>
    </Filter>
    <Filter Include="헤더 파일">
      <UniqueIdentifier>{93995380-89BD-4b04-88EB-625FBE52EBFB}</UniqueIdentifier>
      <Extensions>h;hh;hpp;hxx;hm;inl;inc;ipp;xsd</Extensions>
    </Filter>
    <Filter Include="리소스 파일">
      <UniqueIdentifier>{67DA6AB6-F800-4c08-8B7A-83BB121AAD01}</UniqueIdentifier>
      <Extensions>rc;ico;cur;bmp;dlg;rc2;rct;bin;rgs;gif;jpg;jpeg;jpe;resx;tiff;tif;png;wav;mfcribbon-ms</Extensions>
    </Filter>
  </ItemGroup>
  <ItemGroup>
    <ClInclude Include="MiniProject.h">
      <Filter>헤더 파일</Filter>
    </ClInclude>
    <ClInclude Include="MiniProjectDlg.h">
      <Filter>헤더 파일</Filter>
    </ClInclude>
    <ClInclude Include="framework.h">
      <Filter>헤더 파일</Filter>
    </ClInclude>
    <ClInclude Include="targetver.h">
      <Filter>헤더 파일</Filter>
    </ClInclude>
    <ClInclude Include="Resource.h">
      <Filter>헤더 파일</Filter>
    </ClInclude>
    <ClInclude Include="pch.h">
      <Filter>헤더 파일</Filter>
    </ClInclude>
    <ClInclude Include="CODBC.h">
      <Filter>헤더 파일</Filter>
    </ClInclude>
    <ClInclude Include="CSchemaDlg.h">
      <Filter>헤더 파일</Filter>
    </ClInclude>
    <ClInclude Include="CSelectTab1.h">
      <Filter>헤더 파일</Filter>
    </ClInclude>
    <ClInclude Include="CSelectTab2.h">
      <Filter>헤더 파일</Filter>
    </ClInclude>
    <ClInclude Include="CSelectTab3.h">
      <Filter>헤더 파일</Filter>
    </ClInclude>
    <ClInclude Include="CSelectTab4.h">
      <Filter>헤더 파일</Filter>
    </ClInclude>
    <ClInclude Include="CSelectTab5.h">
      <Filter>헤더 파일</Filter>
    </ClInclude>
    <ClInclude Include="CSelectTab6.h">
      <Filter>헤더 파일</Filter>
    </ClInclude>
    <ClInclude Include="CSelectDlg.h">
      <Filter>헤더 파일</Filter>
    </ClInclude>
    <ClInclude Include="CInsertDlg.h">
      <Filter>헤더 파일</Filter>
    </ClInclude>
    <ClInclude Include="CDeleteTab1.h">
      <Filter>헤더 파일</Filter>
    </ClInclude>
    <ClInclude Include="CDeleteTab2.h">
      <Filter>헤더 파일</Filter>
    </ClInclude>
    <ClInclude Include="CDeleteTab3.h">
      <Filter>헤더 파일</Filter>
    </ClInclude>
    <ClInclude Include="CDeleteTab4.h">
      <Filter>헤더 파일</Filter>
    </ClInclude>
    <ClInclude Include="CDeleteDlg.h">
      <Filter>헤더 파일</Filter>
    </ClInclude>
    <ClInclude Include="CUpdateDlg.h">
      <Filter>헤더 파일</Filter>
    </ClInclude>
    <ClInclude Include="CUpdateTab1.h">
      <Filter>헤더 파일</Filter>
    </ClInclude>
    <ClInclude Include="CUpdateTab2.h">
      <Filter>헤더 파일</Filter>
    </ClInclude>
    <ClInclude Include="CUpdateTab3.h">
      <Filter>헤더 파일</Filter>
    </ClInclude>
    <ClInclude Include="CUpdateTab4.h">
      <Filter>헤더 파일</Filter>
    </ClInclude>
    <ClInclude Include="CCustomDlg.h">
      <Filter>헤더 파일</Filter>
    </ClInclude>
  </ItemGroup>
  <ItemGroup>
    <ClCompile Include="MiniProject.cpp">
      <Filter>소스 파일</Filter>
    </ClCompile>
    <ClCompile Include="MiniProjectDlg.cpp">
      <Filter>소스 파일</Filter>
    </ClCompile>
    <ClCompile Include="pch.cpp">
      <Filter>소스 파일</Filter>
    </ClCompile>
    <ClCompile Include="CODBC.cpp">
      <Filter>소스 파일</Filter>
    </ClCompile>
    <ClCompile Include="CSchemaDlg.cpp">
      <Filter>소스 파일</Filter>
    </ClCompile>
    <ClCompile Include="CSelectTab1.cpp">
      <Filter>소스 파일</Filter>
    </ClCompile>
    <ClCompile Include="CSelectTab2.cpp">
      <Filter>소스 파일</Filter>
    </ClCompile>
    <ClCompile Include="CSelectTab3.cpp">
      <Filter>소스 파일</Filter>
    </ClCompile>
    <ClCompile Include="CSelectTab4.cpp">
      <Filter>소스 파일</Filter>
    </ClCompile>
    <ClCompile Include="CSelectTab5.cpp">
      <Filter>소스 파일</Filter>
    </ClCompile>
    <ClCompile Include="CSelectTab6.cpp">
      <Filter>소스 파일</Filter>
    </ClCompile>
    <ClCompile Include="CSelectDlg.cpp">
      <Filter>소스 파일</Filter>
    </ClCompile>
    <ClCompile Include="CInsertDlg.cpp">
      <Filter>소스 파일</Filter>
    </ClCompile>
    <ClCompile Include="CDeleteTab1.cpp">
      <Filter>소스 파일</Filter>
    </ClCompile>
    <ClCompile Include="CDeleteTab2.cpp">
      <Filter>소스 파일</Filter>
    </ClCompile>
    <ClCompile Include="CDeleteTab3.cpp">
      <Filter>소스 파일</Filter>
    </ClCompile>
    <ClCompile Include="CDeleteTab4.cpp">
      <Filter>소스 파일</Filter>
    </ClCompile>
    <ClCompile Include="CDeleteDlg.cpp">
      <Filter>소스 파일</Filter>
    </ClCompile>
    <ClCompile Include="CUpdateDlg.cpp">
      <Filter>소스 파일</Filter>
    </ClCompile>
    <ClCompile Include="CUpdateTab1.cpp">
      <Filter>소스 파일</Filter>
    </ClCompile>
    <ClCompile Include="CUpdateTab2.cpp">
      <Filter>소스 파일</Filter>
    </ClCompile>
    <ClCompile Include="CUpdateTab3.cpp">
      <Filter>소스 파일</Filter>
    </ClCompile>
    <ClCompile Include="CUpdateTab4.cpp">
      <Filter>소스 파일</Filter>
    </ClCompile>
    <ClCompile Include="CCustomDlg.cpp">
      <Filter>소스 파일</Filter>
    </ClCompile>
  </ItemGroup>
  <ItemGroup>
    <ResourceCompile Include="MiniProject.rc">
      <Filter>리소스 파일</Filter>
    </ResourceCompile>
  </ItemGroup>
  <ItemGroup>
    <None Include="res\MiniProject.rc2">
      <Filter>리소스 파일</Filter>
    </None>
  </ItemGroup>
  <ItemGroup>
    <Image Include="res\MiniProject.ico">
      <Filter>리소스 파일</Filter>
    </Image>
  </ItemGroup>
</Project>